// !$*UTF8*$!
{
	archiveVersion = 1;
	classes = {
	};
	objectVersion = 48;
	objects = {

/* Begin PBXBuildFile section */
		40035400C065A1A176221DFE /* Pods_iOSSample.framework in Frameworks */ = {isa = PBXBuildFile; fileRef = 9A47560A9C26484A468F2BCD /* Pods_iOSSample.framework */; };
		649E19D31FF37FBC005431BF /* AppDelegate.swift in Sources */ = {isa = PBXBuildFile; fileRef = 649E19D21FF37FBC005431BF /* AppDelegate.swift */; };
		649E19D51FF37FBC005431BF /* ViewController.swift in Sources */ = {isa = PBXBuildFile; fileRef = 649E19D41FF37FBC005431BF /* ViewController.swift */; };
		649E19D81FF37FBC005431BF /* Main.storyboard in Resources */ = {isa = PBXBuildFile; fileRef = 649E19D61FF37FBC005431BF /* Main.storyboard */; };
		649E19DA1FF37FBC005431BF /* Assets.xcassets in Resources */ = {isa = PBXBuildFile; fileRef = 649E19D91FF37FBC005431BF /* Assets.xcassets */; };
		649E19DD1FF37FBC005431BF /* LaunchScreen.storyboard in Resources */ = {isa = PBXBuildFile; fileRef = 649E19DB1FF37FBC005431BF /* LaunchScreen.storyboard */; };
		649E19E21FF37FDE005431BF /* Tokenizer.framework in Frameworks */ = {isa = PBXBuildFile; fileRef = 649E19E31FF37FDE005431BF /* Tokenizer.framework */; };
/* End PBXBuildFile section */

/* Begin PBXFileReference section */
		29898A71EEE1B2A1C41FFE20 /* Pods-Sample.release.xcconfig */ = {isa = PBXFileReference; includeInIndex = 1; lastKnownFileType = text.xcconfig; name = "Pods-Sample.release.xcconfig"; path = "Pods/Target Support Files/Pods-Sample/Pods-Sample.release.xcconfig"; sourceTree = "<group>"; };
		3BBD6676E2DDFB9D5CC5F5C9 /* Pods-Sample.debug.xcconfig */ = {isa = PBXFileReference; includeInIndex = 1; lastKnownFileType = text.xcconfig; name = "Pods-Sample.debug.xcconfig"; path = "Pods/Target Support Files/Pods-Sample/Pods-Sample.debug.xcconfig"; sourceTree = "<group>"; };
		649E19CB1FF37F2A005431BF /* Tokenizer.framework */ = {isa = PBXFileReference; explicitFileType = wrapper.framework; path = Tokenizer.framework; sourceTree = BUILT_PRODUCTS_DIR; };
		649E19D01FF37FBC005431BF /* iOSSample.app */ = {isa = PBXFileReference; explicitFileType = wrapper.application; includeInIndex = 0; path = iOSSample.app; sourceTree = BUILT_PRODUCTS_DIR; };
		649E19D21FF37FBC005431BF /* AppDelegate.swift */ = {isa = PBXFileReference; lastKnownFileType = sourcecode.swift; path = AppDelegate.swift; sourceTree = "<group>"; };
		649E19D41FF37FBC005431BF /* ViewController.swift */ = {isa = PBXFileReference; lastKnownFileType = sourcecode.swift; path = ViewController.swift; sourceTree = "<group>"; };
		649E19D71FF37FBC005431BF /* Base */ = {isa = PBXFileReference; lastKnownFileType = file.storyboard; name = Base; path = Base.lproj/Main.storyboard; sourceTree = "<group>"; };
		649E19D91FF37FBC005431BF /* Assets.xcassets */ = {isa = PBXFileReference; lastKnownFileType = folder.assetcatalog; path = Assets.xcassets; sourceTree = "<group>"; };
		649E19DC1FF37FBC005431BF /* Base */ = {isa = PBXFileReference; lastKnownFileType = file.storyboard; name = Base; path = Base.lproj/LaunchScreen.storyboard; sourceTree = "<group>"; };
		649E19DE1FF37FBC005431BF /* Info.plist */ = {isa = PBXFileReference; lastKnownFileType = text.plist.xml; path = Info.plist; sourceTree = "<group>"; };
		649E19E31FF37FDE005431BF /* Tokenizer.framework */ = {isa = PBXFileReference; explicitFileType = wrapper.framework; path = Tokenizer.framework; sourceTree = BUILT_PRODUCTS_DIR; };
		7360700937991558534FA148 /* Pods-iOSSample.release.xcconfig */ = {isa = PBXFileReference; includeInIndex = 1; lastKnownFileType = text.xcconfig; name = "Pods-iOSSample.release.xcconfig"; path = "Pods/Target Support Files/Pods-iOSSample/Pods-iOSSample.release.xcconfig"; sourceTree = "<group>"; };
		90BF2F9D1B58AF20DFE76C7C /* Pods-iOSSample.debug.xcconfig */ = {isa = PBXFileReference; includeInIndex = 1; lastKnownFileType = text.xcconfig; name = "Pods-iOSSample.debug.xcconfig"; path = "Pods/Target Support Files/Pods-iOSSample/Pods-iOSSample.debug.xcconfig"; sourceTree = "<group>"; };
		9A47560A9C26484A468F2BCD /* Pods_iOSSample.framework */ = {isa = PBXFileReference; explicitFileType = wrapper.framework; includeInIndex = 0; path = Pods_iOSSample.framework; sourceTree = BUILT_PRODUCTS_DIR; };
		CE847ABC20CE159E9F6B5F5D /* Pods_Sample.framework */ = {isa = PBXFileReference; explicitFileType = wrapper.framework; includeInIndex = 0; path = Pods_Sample.framework; sourceTree = BUILT_PRODUCTS_DIR; };
/* End PBXFileReference section */

/* Begin PBXFrameworksBuildPhase section */
		649E19CD1FF37FBC005431BF /* Frameworks */ = {
			isa = PBXFrameworksBuildPhase;
			buildActionMask = 2147483647;
			files = (
				649E19E21FF37FDE005431BF /* Tokenizer.framework in Frameworks */,
				40035400C065A1A176221DFE /* Pods_iOSSample.framework in Frameworks */,
			);
			runOnlyForDeploymentPostprocessing = 0;
		};
/* End PBXFrameworksBuildPhase section */

/* Begin PBXGroup section */
		22158E51EF7DD41C205383C8 /* Pods */ = {
			isa = PBXGroup;
			children = (
				3BBD6676E2DDFB9D5CC5F5C9 /* Pods-Sample.debug.xcconfig */,
				29898A71EEE1B2A1C41FFE20 /* Pods-Sample.release.xcconfig */,
				90BF2F9D1B58AF20DFE76C7C /* Pods-iOSSample.debug.xcconfig */,
				7360700937991558534FA148 /* Pods-iOSSample.release.xcconfig */,
			);
			name = Pods;
			sourceTree = "<group>";
		};
		5E0BC7F137B5DA52C63857F1 /* Frameworks */ = {
			isa = PBXGroup;
			children = (
				649E19E31FF37FDE005431BF /* Tokenizer.framework */,
				649E19CB1FF37F2A005431BF /* Tokenizer.framework */,
				CE847ABC20CE159E9F6B5F5D /* Pods_Sample.framework */,
				9A47560A9C26484A468F2BCD /* Pods_iOSSample.framework */,
			);
			name = Frameworks;
			sourceTree = "<group>";
		};
		649E19B71FF37EE5005431BF = {
			isa = PBXGroup;
			children = (
				649E19D11FF37FBC005431BF /* iOSSample */,
				649E19C11FF37EE5005431BF /* Products */,
				22158E51EF7DD41C205383C8 /* Pods */,
				5E0BC7F137B5DA52C63857F1 /* Frameworks */,
			);
			sourceTree = "<group>";
		};
		649E19C11FF37EE5005431BF /* Products */ = {
			isa = PBXGroup;
			children = (
				649E19D01FF37FBC005431BF /* iOSSample.app */,
			);
			name = Products;
			sourceTree = "<group>";
		};
		649E19D11FF37FBC005431BF /* iOSSample */ = {
			isa = PBXGroup;
			children = (
				649E19D21FF37FBC005431BF /* AppDelegate.swift */,
				649E19D41FF37FBC005431BF /* ViewController.swift */,
				649E19D61FF37FBC005431BF /* Main.storyboard */,
				649E19D91FF37FBC005431BF /* Assets.xcassets */,
				649E19DB1FF37FBC005431BF /* LaunchScreen.storyboard */,
				649E19DE1FF37FBC005431BF /* Info.plist */,
			);
			path = iOSSample;
			sourceTree = "<group>";
		};
/* End PBXGroup section */

/* Begin PBXNativeTarget section */
		649E19CF1FF37FBC005431BF /* iOSSample */ = {
			isa = PBXNativeTarget;
			buildConfigurationList = 649E19DF1FF37FBC005431BF /* Build configuration list for PBXNativeTarget "iOSSample" */;
			buildPhases = (
				99F90A2CA491DB510F6274C7 /* [CP] Check Pods Manifest.lock */,
				649E19CC1FF37FBC005431BF /* Sources */,
				649E19CD1FF37FBC005431BF /* Frameworks */,
				649E19CE1FF37FBC005431BF /* Resources */,
				DF4FC66F59132B4CA5F6BFB9 /* [CP] Embed Pods Frameworks */,
				3A0044A619CA65EE80C0C9EB /* [CP] Copy Pods Resources */,
			);
			buildRules = (
			);
			dependencies = (
			);
			name = iOSSample;
			productName = iOSSample;
			productReference = 649E19D01FF37FBC005431BF /* iOSSample.app */;
			productType = "com.apple.product-type.application";
		};
/* End PBXNativeTarget section */

/* Begin PBXProject section */
		649E19B81FF37EE5005431BF /* Project object */ = {
			isa = PBXProject;
			attributes = {
				LastSwiftUpdateCheck = 0920;
				LastUpgradeCheck = 0920;
				ORGANIZATIONNAME = Meniny;
				TargetAttributes = {
					649E19CF1FF37FBC005431BF = {
						CreatedOnToolsVersion = 9.2;
						ProvisioningStyle = Automatic;
					};
				};
			};
			buildConfigurationList = 649E19BB1FF37EE5005431BF /* Build configuration list for PBXProject "Sample" */;
			compatibilityVersion = "Xcode 8.0";
			developmentRegion = en;
			hasScannedForEncodings = 0;
			knownRegions = (
				en,
				Base,
			);
			mainGroup = 649E19B71FF37EE5005431BF;
			productRefGroup = 649E19C11FF37EE5005431BF /* Products */;
			projectDirPath = "";
			projectRoot = "";
			targets = (
				649E19CF1FF37FBC005431BF /* iOSSample */,
			);
		};
/* End PBXProject section */

/* Begin PBXResourcesBuildPhase section */
		649E19CE1FF37FBC005431BF /* Resources */ = {
			isa = PBXResourcesBuildPhase;
			buildActionMask = 2147483647;
			files = (
				649E19DD1FF37FBC005431BF /* LaunchScreen.storyboard in Resources */,
				649E19DA1FF37FBC005431BF /* Assets.xcassets in Resources */,
				649E19D81FF37FBC005431BF /* Main.storyboard in Resources */,
			);
			runOnlyForDeploymentPostprocessing = 0;
		};
/* End PBXResourcesBuildPhase section */

/* Begin PBXShellScriptBuildPhase section */
		3A0044A619CA65EE80C0C9EB /* [CP] Copy Pods Resources */ = {
			isa = PBXShellScriptBuildPhase;
			buildActionMask = 2147483647;
			files = (
			);
			inputPaths = (
			);
			name = "[CP] Copy Pods Resources";
			outputPaths = (
			);
			runOnlyForDeploymentPostprocessing = 0;
			shellPath = /bin/sh;
			shellScript = "\"${SRCROOT}/Pods/Target Support Files/Pods-iOSSample/Pods-iOSSample-resources.sh\"\n";
			showEnvVarsInLog = 0;
		};
		99F90A2CA491DB510F6274C7 /* [CP] Check Pods Manifest.lock */ = {
			isa = PBXShellScriptBuildPhase;
			buildActionMask = 2147483647;
			files = (
			);
			inputPaths = (
				"${PODS_PODFILE_DIR_PATH}/Podfile.lock",
				"${PODS_ROOT}/Manifest.lock",
			);
			name = "[CP] Check Pods Manifest.lock";
			outputPaths = (
				"$(DERIVED_FILE_DIR)/Pods-iOSSample-checkManifestLockResult.txt",
			);
			runOnlyForDeploymentPostprocessing = 0;
			shellPath = /bin/sh;
			shellScript = "diff \"${PODS_PODFILE_DIR_PATH}/Podfile.lock\" \"${PODS_ROOT}/Manifest.lock\" > /dev/null\nif [ $? != 0 ] ; then\n    # print error to STDERR\n    echo \"error: The sandbox is not in sync with the Podfile.lock. Run 'pod install' or update your CocoaPods installation.\" >&2\n    exit 1\nfi\n# This output is used by Xcode 'outputs' to avoid re-running this script phase.\necho \"SUCCESS\" > \"${SCRIPT_OUTPUT_FILE_0}\"\n";
			showEnvVarsInLog = 0;
		};
		DF4FC66F59132B4CA5F6BFB9 /* [CP] Embed Pods Frameworks */ = {
			isa = PBXShellScriptBuildPhase;
			buildActionMask = 2147483647;
			files = (
			);
			inputPaths = (
				"${SRCROOT}/Pods/Target Support Files/Pods-iOSSample/Pods-iOSSample-frameworks.sh",
				"${BUILT_PRODUCTS_DIR}/Tokenizer/Tokenizer.framework",
			);
			name = "[CP] Embed Pods Frameworks";
			outputPaths = (
				"${TARGET_BUILD_DIR}/${FRAMEWORKS_FOLDER_PATH}/Tokenizer.framework",
			);
			runOnlyForDeploymentPostprocessing = 0;
			shellPath = /bin/sh;
			shellScript = "\"${SRCROOT}/Pods/Target Support Files/Pods-iOSSample/Pods-iOSSample-frameworks.sh\"\n";
			showEnvVarsInLog = 0;
		};
/* End PBXShellScriptBuildPhase section */

/* Begin PBXSourcesBuildPhase section */
		649E19CC1FF37FBC005431BF /* Sources */ = {
			isa = PBXSourcesBuildPhase;
			buildActionMask = 2147483647;
			files = (
				649E19D51FF37FBC005431BF /* ViewController.swift in Sources */,
				649E19D31FF37FBC005431BF /* AppDelegate.swift in Sources */,
			);
			runOnlyForDeploymentPostprocessing = 0;
		};
/* End PBXSourcesBuildPhase section */

/* Begin PBXVariantGroup section */
		649E19D61FF37FBC005431BF /* Main.storyboard */ = {
			isa = PBXVariantGroup;
			children = (
				649E19D71FF37FBC005431BF /* Base */,
			);
			name = Main.storyboard;
			sourceTree = "<group>";
		};
		649E19DB1FF37FBC005431BF /* LaunchScreen.storyboard */ = {
			isa = PBXVariantGroup;
			children = (
				649E19DC1FF37FBC005431BF /* Base */,
			);
			name = LaunchScreen.storyboard;
			sourceTree = "<group>";
		};
/* End PBXVariantGroup section */

/* Begin XCBuildConfiguration section */
		649E19C51FF37EE5005431BF /* Debug */ = {
			isa = XCBuildConfiguration;
			buildSettings = {
				ALWAYS_SEARCH_USER_PATHS = NO;
				CLANG_ANALYZER_NONNULL = YES;
				CLANG_ANALYZER_NUMBER_OBJECT_CONVERSION = YES_AGGRESSIVE;
				CLANG_CXX_LANGUAGE_STANDARD = "gnu++14";
				CLANG_CXX_LIBRARY = "libc++";
				CLANG_ENABLE_MODULES = YES;
				CLANG_ENABLE_OBJC_ARC = YES;
				CLANG_WARN_BLOCK_CAPTURE_AUTORELEASING = YES;
				CLANG_WARN_BOOL_CONVERSION = YES;
				CLANG_WARN_COMMA = YES;
				CLANG_WARN_CONSTANT_CONVERSION = YES;
				CLANG_WARN_DIRECT_OBJC_ISA_USAGE = YES_ERROR;
				CLANG_WARN_DOCUMENTATION_COMMENTS = YES;
				CLANG_WARN_EMPTY_BODY = YES;
				CLANG_WARN_ENUM_CONVERSION = YES;
				CLANG_WARN_INFINITE_RECURSION = YES;
				CLANG_WARN_INT_CONVERSION = YES;
				CLANG_WARN_NON_LITERAL_NULL_CONVERSION = YES;
				CLANG_WARN_OBJC_LITERAL_CONVERSION = YES;
				CLANG_WARN_OBJC_ROOT_CLASS = YES_ERROR;
				CLANG_WARN_RANGE_LOOP_ANALYSIS = YES;
				CLANG_WARN_STRICT_PROTOTYPES = YES;
				CLANG_WARN_SUSPICIOUS_MOVE = YES;
				CLANG_WARN_UNGUARDED_AVAILABILITY = YES_AGGRESSIVE;
				CLANG_WARN_UNREACHABLE_CODE = YES;
				CLANG_WARN__DUPLICATE_METHOD_MATCH = YES;
				CODE_SIGN_IDENTITY = "Mac Developer";
				COPY_PHASE_STRIP = NO;
				DEBUG_INFORMATION_FORMAT = dwarf;
				ENABLE_STRICT_OBJC_MSGSEND = YES;
				ENABLE_TESTABILITY = YES;
				GCC_C_LANGUAGE_STANDARD = gnu11;
				GCC_DYNAMIC_NO_PIC = NO;
				GCC_NO_COMMON_BLOCKS = YES;
				GCC_OPTIMIZATION_LEVEL = 0;
				GCC_PREPROCESSOR_DEFINITIONS = (
					"DEBUG=1",
					"$(inherited)",
				);
				GCC_WARN_64_TO_32_BIT_CONVERSION = YES;
				GCC_WARN_ABOUT_RETURN_TYPE = YES_ERROR;
				GCC_WARN_UNDECLARED_SELECTOR = YES;
				GCC_WARN_UNINITIALIZED_AUTOS = YES_AGGRESSIVE;
				GCC_WARN_UNUSED_FUNCTION = YES;
				GCC_WARN_UNUSED_VARIABLE = YES;
				MACOSX_DEPLOYMENT_TARGET = 10.13;
				MTL_ENABLE_DEBUG_INFO = YES;
				ONLY_ACTIVE_ARCH = YES;
				SDKROOT = macosx;
				SWIFT_ACTIVE_COMPILATION_CONDITIONS = DEBUG;
				SWIFT_OPTIMIZATION_LEVEL = "-Onone";
			};
			name = Debug;
		};
		649E19C61FF37EE5005431BF /* Release */ = {
			isa = XCBuildConfiguration;
			buildSettings = {
				ALWAYS_SEARCH_USER_PATHS = NO;
				CLANG_ANALYZER_NONNULL = YES;
				CLANG_ANALYZER_NUMBER_OBJECT_CONVERSION = YES_AGGRESSIVE;
				CLANG_CXX_LANGUAGE_STANDARD = "gnu++14";
				CLANG_CXX_LIBRARY = "libc++";
				CLANG_ENABLE_MODULES = YES;
				CLANG_ENABLE_OBJC_ARC = YES;
				CLANG_WARN_BLOCK_CAPTURE_AUTORELEASING = YES;
				CLANG_WARN_BOOL_CONVERSION = YES;
				CLANG_WARN_COMMA = YES;
				CLANG_WARN_CONSTANT_CONVERSION = YES;
				CLANG_WARN_DIRECT_OBJC_ISA_USAGE = YES_ERROR;
				CLANG_WARN_DOCUMENTATION_COMMENTS = YES;
				CLANG_WARN_EMPTY_BODY = YES;
				CLANG_WARN_ENUM_CONVERSION = YES;
				CLANG_WARN_INFINITE_RECURSION = YES;
				CLANG_WARN_INT_CONVERSION = YES;
				CLANG_WARN_NON_LITERAL_NULL_CONVERSION = YES;
				CLANG_WARN_OBJC_LITERAL_CONVERSION = YES;
				CLANG_WARN_OBJC_ROOT_CLASS = YES_ERROR;
				CLANG_WARN_RANGE_LOOP_ANALYSIS = YES;
				CLANG_WARN_STRICT_PROTOTYPES = YES;
				CLANG_WARN_SUSPICIOUS_MOVE = YES;
				CLANG_WARN_UNGUARDED_AVAILABILITY = YES_AGGRESSIVE;
				CLANG_WARN_UNREACHABLE_CODE = YES;
				CLANG_WARN__DUPLICATE_METHOD_MATCH = YES;
				CODE_SIGN_IDENTITY = "Mac Developer";
				COPY_PHASE_STRIP = NO;
				DEBUG_INFORMATION_FORMAT = "dwarf-with-dsym";
				ENABLE_NS_ASSERTIONS = NO;
				ENABLE_STRICT_OBJC_MSGSEND = YES;
				GCC_C_LANGUAGE_STANDARD = gnu11;
				GCC_NO_COMMON_BLOCKS = YES;
				GCC_WARN_64_TO_32_BIT_CONVERSION = YES;
				GCC_WARN_ABOUT_RETURN_TYPE = YES_ERROR;
				GCC_WARN_UNDECLARED_SELECTOR = YES;
				GCC_WARN_UNINITIALIZED_AUTOS = YES_AGGRESSIVE;
				GCC_WARN_UNUSED_FUNCTION = YES;
				GCC_WARN_UNUSED_VARIABLE = YES;
				MACOSX_DEPLOYMENT_TARGET = 10.13;
				MTL_ENABLE_DEBUG_INFO = NO;
				SDKROOT = macosx;
				SWIFT_OPTIMIZATION_LEVEL = "-Owholemodule";
			};
			name = Release;
		};
		649E19E01FF37FBC005431BF /* Debug */ = {
			isa = XCBuildConfiguration;
			baseConfigurationReference = 90BF2F9D1B58AF20DFE76C7C /* Pods-iOSSample.debug.xcconfig */;
			buildSettings = {
				ASSETCATALOG_COMPILER_APPICON_NAME = AppIcon;
				CODE_SIGN_IDENTITY = "iPhone Developer";
				CODE_SIGN_STYLE = Automatic;
				DEVELOPMENT_TEAM = 63YL5QDMNS;
				INFOPLIST_FILE = iOSSample/Info.plist;
				IPHONEOS_DEPLOYMENT_TARGET = 11.2;
				LD_RUNPATH_SEARCH_PATHS = "$(inherited) @executable_path/Frameworks";
				PRODUCT_BUNDLE_IDENTIFIER = cn.meniny.Tokenizer.iOSSample;
				PRODUCT_NAME = "$(TARGET_NAME)";
				SDKROOT = iphoneos;
				SWIFT_VERSION = 4.0;
				TARGETED_DEVICE_FAMILY = "1,2";
			};
			name = Debug;
		};
		649E19E11FF37FBC005431BF /* Release */ = {
			isa = XCBuildConfiguration;
			baseConfigurationReference = 7360700937991558534FA148 /* Pods-iOSSample.release.xcconfig */;
			buildSettings = {
				ASSETCATALOG_COMPILER_APPICON_NAME = AppIcon;
				CODE_SIGN_IDENTITY = "iPhone Developer";
				CODE_SIGN_STYLE = Automatic;
				DEVELOPMENT_TEAM = 63YL5QDMNS;
				INFOPLIST_FILE = iOSSample/Info.plist;
				IPHONEOS_DEPLOYMENT_TARGET = 11.2;
				LD_RUNPATH_SEARCH_PATHS = "$(inherited) @executable_path/Frameworks";
				PRODUCT_BUNDLE_IDENTIFIER = cn.meniny.Tokenizer.iOSSample;
				PRODUCT_NAME = "$(TARGET_NAME)";
				SDKROOT = iphoneos;
				SWIFT_VERSION = 4.0;
				TARGETED_DEVICE_FAMILY = "1,2";
				VALIDATE_PRODUCT = YES;
			};
			name = Release;
		};
/* End XCBuildConfiguration section */

/* Begin XCConfigurationList section */
		649E19BB1FF37EE5005431BF /* Build configuration list for PBXProject "Sample" */ = {
			isa = XCConfigurationList;
			buildConfigurations = (
				649E19C51FF37EE5005431BF /* Debug */,
				649E19C61FF37EE5005431BF /* Release */,
			);
			defaultConfigurationIsVisible = 0;
			defaultConfigurationName = Release;
		};
		649E19DF1FF37FBC005431BF /* Build configuration list for PBXNativeTarget "iOSSample" */ = {
			isa = XCConfigurationList;
			buildConfigurations = (
				649E19E01FF37FBC005431BF /* Debug */,
				649E19E11FF37FBC005431BF /* Release */,
			);
			defaultConfigurationIsVisible = 0;
			defaultConfigurationName = Release;
		};
/* End XCConfigurationList section */
	};
	rootObject = 649E19B81FF37EE5005431BF /* Project object */;
}
